
Microsoft Visual Studio Solution File, Format Version 12.00
# Visual Studio 2012
Project("{FAE04EC0-301F-11D3-BF4B-00C04F79EFBC}") = "SqrRoot", "SqrRoot.csproj", "{069723EB-FAA0-4DDC-B64D-5CD629F84DF0}"
EndProject
Project("{8BC9CEB8-8B4A-11D0-8D11-00A0C91BC942}") = "RotateMatrix", "..\RotateMatrix\RotateMatrix\RotateMatrix.vcxproj", "{300455C8-47D7-4202-83C4-A94B8901EE6D}"
EndProject
Project("{FAE04EC0-301F-11D3-BF4B-00C04F79EFBC}") = "IsValid_IP_Address", "..\IsValid_IP_Address\IsValid_IP_Address.csproj", "{340BE561-693B-4754-88D8-2415F9656801}"
EndProject
Project("{8BC9CEB8-8B4A-11D0-8D11-00A0C91BC942}") = "ReverseWordsInString", "..\ReverseWordsInString\ReverseWordsInString.vcxproj", "{93FEF9D3-0203-4ACB-A124-D4CE4EACB5A3}"
EndProject
Project("{8BC9CEB8-8B4A-11D0-8D11-00A0C91BC942}") = "FindMinAndMaxInArray", "..\FindMinAndMaxInArray\FindMinAndMaxInArray.vcxproj", "{6C564C9E-2881-4E9A-9B9D-5B8F871A20C3}"
EndProject
Project("{8BC9CEB8-8B4A-11D0-8D11-00A0C91BC942}") = "LowestCommonInt_InTwoSortedArrays", "..\LowestCommonInt_InTwoSortedArrays\LowestCommonInt_InTwoSortedArrays.vcxproj", "{67FE0F0F-1F0B-48D1-A302-078C62ACEF88}"
EndProject
Project("{8BC9CEB8-8B4A-11D0-8D11-00A0C91BC942}") = "FindLongestSubstringWhichOccursMoreThanOnce", "..\FindLongestSubstringWhichOccursMoreThanOnce\FindLongestSubstringWhichOccursMoreThanOnce.vcxproj", "{4BD0AF99-14A7-43B8-A590-5F7F9DFD8482}"
EndProject
Project("{8BC9CEB8-8B4A-11D0-8D11-00A0C91BC942}") = "GenerateAllPermutationsOfAnArray", "..\GenerateAllPermutationsOfAnArray\GenerateAllPermutationsOfAnArray.vcxproj", "{D4F288A5-0D6F-4AD8-8165-A150A0A49CC1}"
EndProject
Project("{8BC9CEB8-8B4A-11D0-8D11-00A0C91BC942}") = "FillArrayWithGivenDistribution", "..\FillArrayWithGivenDistribution\FillArrayWithGivenDistribution.vcxproj", "{491FC0EA-1A64-4B05-A11B-FBE2E3416A63}"
EndProject
Project("{8BC9CEB8-8B4A-11D0-8D11-00A0C91BC942}") = "ReverseString", "..\ReverseString\ReverseString.vcxproj", "{ECD8D0BA-C396-43FB-A801-FD0F27B3513A}"
EndProject
Project("{8BC9CEB8-8B4A-11D0-8D11-00A0C91BC942}") = "DetermineIfLinkedListHasLoop", "..\DetermineIfLinkedListHasLoop\DetermineIfLinkedListHasLoop.vcxproj", "{84B56887-B2FA-4C8B-AE5F-8A2900AA34F3}"
EndProject
Project("{8BC9CEB8-8B4A-11D0-8D11-00A0C91BC942}") = "StudentFinalScore", "..\StudentFinalScore\StudentFinalScore.vcxproj", "{52568AB5-B55D-4D6B-9566-D21DE48FF9A2}"
EndProject
Project("{8BC9CEB8-8B4A-11D0-8D11-00A0C91BC942}") = "IntersectionOfTwoArrays", "..\IntersectionOfTwoArrays\IntersectionOfTwoArrays.vcxproj", "{C823E921-D381-44A2-ACDA-F3BB15AFF6CB}"
EndProject
Project("{8BC9CEB8-8B4A-11D0-8D11-00A0C91BC942}") = "DrawACircle", "..\DrawACircle\DrawACircle.vcxproj", "{6D00DABD-CFF6-45FB-A852-31098D8732AF}"
EndProject
Project("{8BC9CEB8-8B4A-11D0-8D11-00A0C91BC942}") = "CircularlyShiftArrayElementsToTheRightByN", "..\CircularlyShiftArrayElementsToTheRightByN\CircularlyShiftArrayElementsToTheRightByN.vcxproj", "{92A92E20-626C-4DAF-AD5D-806542ED2E0A}"
EndProject
Project("{8BC9CEB8-8B4A-11D0-8D11-00A0C91BC942}") = "GreatestSubsequence", "..\GreatestSubsequence\GreatestSubsequence.vcxproj", "{C56BACFF-0BE3-400B-96B0-10F28BA012B8}"
EndProject
Global
	GlobalSection(SolutionConfigurationPlatforms) = preSolution
		Debug|Any CPU = Debug|Any CPU
		Debug|Mixed Platforms = Debug|Mixed Platforms
		Debug|Win32 = Debug|Win32
		Release|Any CPU = Release|Any CPU
		Release|Mixed Platforms = Release|Mixed Platforms
		Release|Win32 = Release|Win32
	EndGlobalSection
	GlobalSection(ProjectConfigurationPlatforms) = postSolution
		{069723EB-FAA0-4DDC-B64D-5CD629F84DF0}.Debug|Any CPU.ActiveCfg = Debug|Any CPU
		{069723EB-FAA0-4DDC-B64D-5CD629F84DF0}.Debug|Any CPU.Build.0 = Debug|Any CPU
		{069723EB-FAA0-4DDC-B64D-5CD629F84DF0}.Debug|Mixed Platforms.ActiveCfg = Debug|Any CPU
		{069723EB-FAA0-4DDC-B64D-5CD629F84DF0}.Debug|Mixed Platforms.Build.0 = Debug|Any CPU
		{069723EB-FAA0-4DDC-B64D-5CD629F84DF0}.Debug|Win32.ActiveCfg = Debug|Any CPU
		{069723EB-FAA0-4DDC-B64D-5CD629F84DF0}.Release|Any CPU.ActiveCfg = Release|Any CPU
		{069723EB-FAA0-4DDC-B64D-5CD629F84DF0}.Release|Any CPU.Build.0 = Release|Any CPU
		{069723EB-FAA0-4DDC-B64D-5CD629F84DF0}.Release|Mixed Platforms.ActiveCfg = Release|Any CPU
		{069723EB-FAA0-4DDC-B64D-5CD629F84DF0}.Release|Mixed Platforms.Build.0 = Release|Any CPU
		{069723EB-FAA0-4DDC-B64D-5CD629F84DF0}.Release|Win32.ActiveCfg = Release|Any CPU
		{300455C8-47D7-4202-83C4-A94B8901EE6D}.Debug|Any CPU.ActiveCfg = Debug|Win32
		{300455C8-47D7-4202-83C4-A94B8901EE6D}.Debug|Mixed Platforms.ActiveCfg = Debug|Win32
		{300455C8-47D7-4202-83C4-A94B8901EE6D}.Debug|Mixed Platforms.Build.0 = Debug|Win32
		{300455C8-47D7-4202-83C4-A94B8901EE6D}.Debug|Win32.ActiveCfg = Debug|Win32
		{300455C8-47D7-4202-83C4-A94B8901EE6D}.Debug|Win32.Build.0 = Debug|Win32
		{300455C8-47D7-4202-83C4-A94B8901EE6D}.Release|Any CPU.ActiveCfg = Release|Win32
		{300455C8-47D7-4202-83C4-A94B8901EE6D}.Release|Mixed Platforms.ActiveCfg = Release|Win32
		{300455C8-47D7-4202-83C4-A94B8901EE6D}.Release|Mixed Platforms.Build.0 = Release|Win32
		{300455C8-47D7-4202-83C4-A94B8901EE6D}.Release|Win32.ActiveCfg = Release|Win32
		{300455C8-47D7-4202-83C4-A94B8901EE6D}.Release|Win32.Build.0 = Release|Win32
		{340BE561-693B-4754-88D8-2415F9656801}.Debug|Any CPU.ActiveCfg = Debug|Any CPU
		{340BE561-693B-4754-88D8-2415F9656801}.Debug|Any CPU.Build.0 = Debug|Any CPU
		{340BE561-693B-4754-88D8-2415F9656801}.Debug|Mixed Platforms.ActiveCfg = Debug|Any CPU
		{340BE561-693B-4754-88D8-2415F9656801}.Debug|Mixed Platforms.Build.0 = Debug|Any CPU
		{340BE561-693B-4754-88D8-2415F9656801}.Debug|Win32.ActiveCfg = Debug|Any CPU
		{340BE561-693B-4754-88D8-2415F9656801}.Release|Any CPU.ActiveCfg = Release|Any CPU
		{340BE561-693B-4754-88D8-2415F9656801}.Release|Any CPU.Build.0 = Release|Any CPU
		{340BE561-693B-4754-88D8-2415F9656801}.Release|Mixed Platforms.ActiveCfg = Release|Any CPU
		{340BE561-693B-4754-88D8-2415F9656801}.Release|Mixed Platforms.Build.0 = Release|Any CPU
		{340BE561-693B-4754-88D8-2415F9656801}.Release|Win32.ActiveCfg = Release|Any CPU
		{93FEF9D3-0203-4ACB-A124-D4CE4EACB5A3}.Debug|Any CPU.ActiveCfg = Debug|Win32
		{93FEF9D3-0203-4ACB-A124-D4CE4EACB5A3}.Debug|Mixed Platforms.ActiveCfg = Debug|Win32
		{93FEF9D3-0203-4ACB-A124-D4CE4EACB5A3}.Debug|Mixed Platforms.Build.0 = Debug|Win32
		{93FEF9D3-0203-4ACB-A124-D4CE4EACB5A3}.Debug|Win32.ActiveCfg = Debug|Win32
		{93FEF9D3-0203-4ACB-A124-D4CE4EACB5A3}.Debug|Win32.Build.0 = Debug|Win32
		{93FEF9D3-0203-4ACB-A124-D4CE4EACB5A3}.Release|Any CPU.ActiveCfg = Release|Win32
		{93FEF9D3-0203-4ACB-A124-D4CE4EACB5A3}.Release|Mixed Platforms.ActiveCfg = Release|Win32
		{93FEF9D3-0203-4ACB-A124-D4CE4EACB5A3}.Release|Mixed Platforms.Build.0 = Release|Win32
		{93FEF9D3-0203-4ACB-A124-D4CE4EACB5A3}.Release|Win32.ActiveCfg = Release|Win32
		{93FEF9D3-0203-4ACB-A124-D4CE4EACB5A3}.Release|Win32.Build.0 = Release|Win32
		{6C564C9E-2881-4E9A-9B9D-5B8F871A20C3}.Debug|Any CPU.ActiveCfg = Debug|Win32
		{6C564C9E-2881-4E9A-9B9D-5B8F871A20C3}.Debug|Mixed Platforms.ActiveCfg = Debug|Win32
		{6C564C9E-2881-4E9A-9B9D-5B8F871A20C3}.Debug|Mixed Platforms.Build.0 = Debug|Win32
		{6C564C9E-2881-4E9A-9B9D-5B8F871A20C3}.Debug|Win32.ActiveCfg = Debug|Win32
		{6C564C9E-2881-4E9A-9B9D-5B8F871A20C3}.Debug|Win32.Build.0 = Debug|Win32
		{6C564C9E-2881-4E9A-9B9D-5B8F871A20C3}.Release|Any CPU.ActiveCfg = Release|Win32
		{6C564C9E-2881-4E9A-9B9D-5B8F871A20C3}.Release|Mixed Platforms.ActiveCfg = Release|Win32
		{6C564C9E-2881-4E9A-9B9D-5B8F871A20C3}.Release|Mixed Platforms.Build.0 = Release|Win32
		{6C564C9E-2881-4E9A-9B9D-5B8F871A20C3}.Release|Win32.ActiveCfg = Release|Win32
		{6C564C9E-2881-4E9A-9B9D-5B8F871A20C3}.Release|Win32.Build.0 = Release|Win32
		{67FE0F0F-1F0B-48D1-A302-078C62ACEF88}.Debug|Any CPU.ActiveCfg = Debug|Win32
		{67FE0F0F-1F0B-48D1-A302-078C62ACEF88}.Debug|Mixed Platforms.ActiveCfg = Debug|Win32
		{67FE0F0F-1F0B-48D1-A302-078C62ACEF88}.Debug|Mixed Platforms.Build.0 = Debug|Win32
		{67FE0F0F-1F0B-48D1-A302-078C62ACEF88}.Debug|Win32.ActiveCfg = Debug|Win32
		{67FE0F0F-1F0B-48D1-A302-078C62ACEF88}.Debug|Win32.Build.0 = Debug|Win32
		{67FE0F0F-1F0B-48D1-A302-078C62ACEF88}.Release|Any CPU.ActiveCfg = Release|Win32
		{67FE0F0F-1F0B-48D1-A302-078C62ACEF88}.Release|Mixed Platforms.ActiveCfg = Release|Win32
		{67FE0F0F-1F0B-48D1-A302-078C62ACEF88}.Release|Mixed Platforms.Build.0 = Release|Win32
		{67FE0F0F-1F0B-48D1-A302-078C62ACEF88}.Release|Win32.ActiveCfg = Release|Win32
		{67FE0F0F-1F0B-48D1-A302-078C62ACEF88}.Release|Win32.Build.0 = Release|Win32
		{4BD0AF99-14A7-43B8-A590-5F7F9DFD8482}.Debug|Any CPU.ActiveCfg = Debug|Win32
		{4BD0AF99-14A7-43B8-A590-5F7F9DFD8482}.Debug|Mixed Platforms.ActiveCfg = Debug|Win32
		{4BD0AF99-14A7-43B8-A590-5F7F9DFD8482}.Debug|Mixed Platforms.Build.0 = Debug|Win32
		{4BD0AF99-14A7-43B8-A590-5F7F9DFD8482}.Debug|Win32.ActiveCfg = Debug|Win32
		{4BD0AF99-14A7-43B8-A590-5F7F9DFD8482}.Debug|Win32.Build.0 = Debug|Win32
		{4BD0AF99-14A7-43B8-A590-5F7F9DFD8482}.Release|Any CPU.ActiveCfg = Release|Win32
		{4BD0AF99-14A7-43B8-A590-5F7F9DFD8482}.Release|Mixed Platforms.ActiveCfg = Release|Win32
		{4BD0AF99-14A7-43B8-A590-5F7F9DFD8482}.Release|Mixed Platforms.Build.0 = Release|Win32
		{4BD0AF99-14A7-43B8-A590-5F7F9DFD8482}.Release|Win32.ActiveCfg = Release|Win32
		{4BD0AF99-14A7-43B8-A590-5F7F9DFD8482}.Release|Win32.Build.0 = Release|Win32
		{D4F288A5-0D6F-4AD8-8165-A150A0A49CC1}.Debug|Any CPU.ActiveCfg = Debug|Win32
		{D4F288A5-0D6F-4AD8-8165-A150A0A49CC1}.Debug|Mixed Platforms.ActiveCfg = Debug|Win32
		{D4F288A5-0D6F-4AD8-8165-A150A0A49CC1}.Debug|Mixed Platforms.Build.0 = Debug|Win32
		{D4F288A5-0D6F-4AD8-8165-A150A0A49CC1}.Debug|Win32.ActiveCfg = Debug|Win32
		{D4F288A5-0D6F-4AD8-8165-A150A0A49CC1}.Debug|Win32.Build.0 = Debug|Win32
		{D4F288A5-0D6F-4AD8-8165-A150A0A49CC1}.Release|Any CPU.ActiveCfg = Release|Win32
		{D4F288A5-0D6F-4AD8-8165-A150A0A49CC1}.Release|Mixed Platforms.ActiveCfg = Release|Win32
		{D4F288A5-0D6F-4AD8-8165-A150A0A49CC1}.Release|Mixed Platforms.Build.0 = Release|Win32
		{D4F288A5-0D6F-4AD8-8165-A150A0A49CC1}.Release|Win32.ActiveCfg = Release|Win32
		{D4F288A5-0D6F-4AD8-8165-A150A0A49CC1}.Release|Win32.Build.0 = Release|Win32
		{491FC0EA-1A64-4B05-A11B-FBE2E3416A63}.Debug|Any CPU.ActiveCfg = Debug|Win32
		{491FC0EA-1A64-4B05-A11B-FBE2E3416A63}.Debug|Mixed Platforms.ActiveCfg = Debug|Win32
		{491FC0EA-1A64-4B05-A11B-FBE2E3416A63}.Debug|Mixed Platforms.Build.0 = Debug|Win32
		{491FC0EA-1A64-4B05-A11B-FBE2E3416A63}.Debug|Win32.ActiveCfg = Debug|Win32
		{491FC0EA-1A64-4B05-A11B-FBE2E3416A63}.Debug|Win32.Build.0 = Debug|Win32
		{491FC0EA-1A64-4B05-A11B-FBE2E3416A63}.Release|Any CPU.ActiveCfg = Release|Win32
		{491FC0EA-1A64-4B05-A11B-FBE2E3416A63}.Release|Mixed Platforms.ActiveCfg = Release|Win32
		{491FC0EA-1A64-4B05-A11B-FBE2E3416A63}.Release|Mixed Platforms.Build.0 = Release|Win32
		{491FC0EA-1A64-4B05-A11B-FBE2E3416A63}.Release|Win32.ActiveCfg = Release|Win32
		{491FC0EA-1A64-4B05-A11B-FBE2E3416A63}.Release|Win32.Build.0 = Release|Win32
		{ECD8D0BA-C396-43FB-A801-FD0F27B3513A}.Debug|Any CPU.ActiveCfg = Debug|Win32
		{ECD8D0BA-C396-43FB-A801-FD0F27B3513A}.Debug|Mixed Platforms.ActiveCfg = Debug|Win32
		{ECD8D0BA-C396-43FB-A801-FD0F27B3513A}.Debug|Mixed Platforms.Build.0 = Debug|Win32
		{ECD8D0BA-C396-43FB-A801-FD0F27B3513A}.Debug|Win32.ActiveCfg = Debug|Win32
		{ECD8D0BA-C396-43FB-A801-FD0F27B3513A}.Debug|Win32.Build.0 = Debug|Win32
		{ECD8D0BA-C396-43FB-A801-FD0F27B3513A}.Release|Any CPU.ActiveCfg = Release|Win32
		{ECD8D0BA-C396-43FB-A801-FD0F27B3513A}.Release|Mixed Platforms.ActiveCfg = Release|Win32
		{ECD8D0BA-C396-43FB-A801-FD0F27B3513A}.Release|Mixed Platforms.Build.0 = Release|Win32
		{ECD8D0BA-C396-43FB-A801-FD0F27B3513A}.Release|Win32.ActiveCfg = Release|Win32
		{ECD8D0BA-C396-43FB-A801-FD0F27B3513A}.Release|Win32.Build.0 = Release|Win32
		{84B56887-B2FA-4C8B-AE5F-8A2900AA34F3}.Debug|Any CPU.ActiveCfg = Debug|Win32
		{84B56887-B2FA-4C8B-AE5F-8A2900AA34F3}.Debug|Mixed Platforms.ActiveCfg = Debug|Win32
		{84B56887-B2FA-4C8B-AE5F-8A2900AA34F3}.Debug|Mixed Platforms.Build.0 = Debug|Win32
		{84B56887-B2FA-4C8B-AE5F-8A2900AA34F3}.Debug|Win32.ActiveCfg = Debug|Win32
		{84B56887-B2FA-4C8B-AE5F-8A2900AA34F3}.Debug|Win32.Build.0 = Debug|Win32
		{84B56887-B2FA-4C8B-AE5F-8A2900AA34F3}.Release|Any CPU.ActiveCfg = Release|Win32
		{84B56887-B2FA-4C8B-AE5F-8A2900AA34F3}.Release|Mixed Platforms.ActiveCfg = Release|Win32
		{84B56887-B2FA-4C8B-AE5F-8A2900AA34F3}.Release|Mixed Platforms.Build.0 = Release|Win32
		{84B56887-B2FA-4C8B-AE5F-8A2900AA34F3}.Release|Win32.ActiveCfg = Release|Win32
		{84B56887-B2FA-4C8B-AE5F-8A2900AA34F3}.Release|Win32.Build.0 = Release|Win32
		{52568AB5-B55D-4D6B-9566-D21DE48FF9A2}.Debug|Any CPU.ActiveCfg = Debug|Win32
		{52568AB5-B55D-4D6B-9566-D21DE48FF9A2}.Debug|Mixed Platforms.ActiveCfg = Debug|Win32
		{52568AB5-B55D-4D6B-9566-D21DE48FF9A2}.Debug|Mixed Platforms.Build.0 = Debug|Win32
		{52568AB5-B55D-4D6B-9566-D21DE48FF9A2}.Debug|Win32.ActiveCfg = Debug|Win32
		{52568AB5-B55D-4D6B-9566-D21DE48FF9A2}.Debug|Win32.Build.0 = Debug|Win32
		{52568AB5-B55D-4D6B-9566-D21DE48FF9A2}.Release|Any CPU.ActiveCfg = Release|Win32
		{52568AB5-B55D-4D6B-9566-D21DE48FF9A2}.Release|Mixed Platforms.ActiveCfg = Release|Win32
		{52568AB5-B55D-4D6B-9566-D21DE48FF9A2}.Release|Mixed Platforms.Build.0 = Release|Win32
		{52568AB5-B55D-4D6B-9566-D21DE48FF9A2}.Release|Win32.ActiveCfg = Release|Win32
		{52568AB5-B55D-4D6B-9566-D21DE48FF9A2}.Release|Win32.Build.0 = Release|Win32
		{C823E921-D381-44A2-ACDA-F3BB15AFF6CB}.Debug|Any CPU.ActiveCfg = Debug|Win32
		{C823E921-D381-44A2-ACDA-F3BB15AFF6CB}.Debug|Mixed Platforms.ActiveCfg = Debug|Win32
		{C823E921-D381-44A2-ACDA-F3BB15AFF6CB}.Debug|Mixed Platforms.Build.0 = Debug|Win32
		{C823E921-D381-44A2-ACDA-F3BB15AFF6CB}.Debug|Win32.ActiveCfg = Debug|Win32
		{C823E921-D381-44A2-ACDA-F3BB15AFF6CB}.Debug|Win32.Build.0 = Debug|Win32
		{C823E921-D381-44A2-ACDA-F3BB15AFF6CB}.Release|Any CPU.ActiveCfg = Release|Win32
		{C823E921-D381-44A2-ACDA-F3BB15AFF6CB}.Release|Mixed Platforms.ActiveCfg = Release|Win32
		{C823E921-D381-44A2-ACDA-F3BB15AFF6CB}.Release|Mixed Platforms.Build.0 = Release|Win32
		{C823E921-D381-44A2-ACDA-F3BB15AFF6CB}.Release|Win32.ActiveCfg = Release|Win32
		{C823E921-D381-44A2-ACDA-F3BB15AFF6CB}.Release|Win32.Build.0 = Release|Win32
		{6D00DABD-CFF6-45FB-A852-31098D8732AF}.Debug|Any CPU.ActiveCfg = Debug|Win32
		{6D00DABD-CFF6-45FB-A852-31098D8732AF}.Debug|Mixed Platforms.ActiveCfg = Debug|Win32
		{6D00DABD-CFF6-45FB-A852-31098D8732AF}.Debug|Mixed Platforms.Build.0 = Debug|Win32
		{6D00DABD-CFF6-45FB-A852-31098D8732AF}.Debug|Win32.ActiveCfg = Debug|Win32
		{6D00DABD-CFF6-45FB-A852-31098D8732AF}.Debug|Win32.Build.0 = Debug|Win32
		{6D00DABD-CFF6-45FB-A852-31098D8732AF}.Release|Any CPU.ActiveCfg = Release|Win32
		{6D00DABD-CFF6-45FB-A852-31098D8732AF}.Release|Mixed Platforms.ActiveCfg = Release|Win32
		{6D00DABD-CFF6-45FB-A852-31098D8732AF}.Release|Mixed Platforms.Build.0 = Release|Win32
		{6D00DABD-CFF6-45FB-A852-31098D8732AF}.Release|Win32.ActiveCfg = Release|Win32
		{6D00DABD-CFF6-45FB-A852-31098D8732AF}.Release|Win32.Build.0 = Release|Win32
		{92A92E20-626C-4DAF-AD5D-806542ED2E0A}.Debug|Any CPU.ActiveCfg = Debug|Win32
		{92A92E20-626C-4DAF-AD5D-806542ED2E0A}.Debug|Mixed Platforms.ActiveCfg = Debug|Win32
		{92A92E20-626C-4DAF-AD5D-806542ED2E0A}.Debug|Mixed Platforms.Build.0 = Debug|Win32
		{92A92E20-626C-4DAF-AD5D-806542ED2E0A}.Debug|Win32.ActiveCfg = Debug|Win32
		{92A92E20-626C-4DAF-AD5D-806542ED2E0A}.Debug|Win32.Build.0 = Debug|Win32
		{92A92E20-626C-4DAF-AD5D-806542ED2E0A}.Release|Any CPU.ActiveCfg = Release|Win32
		{92A92E20-626C-4DAF-AD5D-806542ED2E0A}.Release|Mixed Platforms.ActiveCfg = Release|Win32
		{92A92E20-626C-4DAF-AD5D-806542ED2E0A}.Release|Mixed Platforms.Build.0 = Release|Win32
		{92A92E20-626C-4DAF-AD5D-806542ED2E0A}.Release|Win32.ActiveCfg = Release|Win32
		{92A92E20-626C-4DAF-AD5D-806542ED2E0A}.Release|Win32.Build.0 = Release|Win32
		{C56BACFF-0BE3-400B-96B0-10F28BA012B8}.Debug|Any CPU.ActiveCfg = Debug|Win32
		{C56BACFF-0BE3-400B-96B0-10F28BA012B8}.Debug|Mixed Platforms.ActiveCfg = Debug|Win32
		{C56BACFF-0BE3-400B-96B0-10F28BA012B8}.Debug|Mixed Platforms.Build.0 = Debug|Win32
		{C56BACFF-0BE3-400B-96B0-10F28BA012B8}.Debug|Win32.ActiveCfg = Debug|Win32
		{C56BACFF-0BE3-400B-96B0-10F28BA012B8}.Debug|Win32.Build.0 = Debug|Win32
		{C56BACFF-0BE3-400B-96B0-10F28BA012B8}.Release|Any CPU.ActiveCfg = Release|Win32
		{C56BACFF-0BE3-400B-96B0-10F28BA012B8}.Release|Mixed Platforms.ActiveCfg = Release|Win32
		{C56BACFF-0BE3-400B-96B0-10F28BA012B8}.Release|Mixed Platforms.Build.0 = Release|Win32
		{C56BACFF-0BE3-400B-96B0-10F28BA012B8}.Release|Win32.ActiveCfg = Release|Win32
		{C56BACFF-0BE3-400B-96B0-10F28BA012B8}.Release|Win32.Build.0 = Release|Win32
	EndGlobalSection
	GlobalSection(SolutionProperties) = preSolution
		HideSolutionNode = FALSE
	EndGlobalSection
EndGlobal
